{
  "name": "server",
  "version": "0.0.0",
  "lockfileVersion": 2,
  "requires": true,
  "packages": {
    "": {
      "name": "server",
      "version": "0.0.0",
      "license": "GPL-3.0-or-later",
      "dependencies": {
        "especial": "^0.1.0-beta-3"
      }
    },
    "node_modules/especial": {
      "version": "0.1.0-beta-3",
      "resolved": "https://registry.npmjs.org/especial/-/especial-0.1.0-beta-3.tgz",
      "integrity": "sha512-VIolhML5QQbkNgkulxSij3kqqPA72awAxZcCpW4Sj5G1f/WSYB5WwddOwE5ETHrFc9z08QacCDOWM5vnwTp5jA==",
      "dependencies": {
        "nanoid": "^3.1.30",
        "ws": "^7.3.1"
      }
    },
    "node_modules/nanoid": {
      "version": "3.2.0",
      "resolved": "https://registry.npmjs.org/nanoid/-/nanoid-3.2.0.tgz",
      "integrity": "sha512-fmsZYa9lpn69Ad5eDn7FMcnnSR+8R34W9qJEijxYhTbfOWzr22n1QxCMzXLK+ODyW2973V3Fux959iQoUxzUIA==",
      "bin": {
        "nanoid": "bin/nanoid.cjs"
      },
      "engines": {
        "node": "^10 || ^12 || ^13.7 || ^14 || >=15.0.1"
      }
    },
    "node_modules/ws": {
      "version": "7.5.6",
      "resolved": "https://registry.npmjs.org/ws/-/ws-7.5.6.tgz",
      "integrity": "sha512-6GLgCqo2cy2A2rjCNFlxQS6ZljG/coZfZXclldI8FB/1G3CCI36Zd8xy2HrFVACi8tfk5XrgLQEk+P0Tnz9UcA==",
      "engines": {
        "node": ">=8.3.0"
      },
      "peerDependencies": {
        "bufferutil": "^4.0.1",
        "utf-8-validate": "^5.0.2"
      },
      "peerDependenciesMeta": {
        "bufferutil": {
          "optional": true
        },
        "utf-8-validate": {
          "optional": true
        }
      }
    }
  },
  "dependencies": {
    "especial": {
      "version": "0.1.0-beta-3",
      "resolved": "https://registry.npmjs.org/especial/-/especial-0.1.0-beta-3.tgz",
      "integrity": "sha512-VIolhML5QQbkNgkulxSij3kqqPA72awAxZcCpW4Sj5G1f/WSYB5WwddOwE5ETHrFc9z08QacCDOWM5vnwTp5jA==",
      "requires": {
        "nanoid": "^3.1.30",
        "ws": "^7.3.1"
      }
    },
    "nanoid": {
      "version": "3.2.0",
      "resolved": "https://registry.npmjs.org/nanoid/-/nanoid-3.2.0.tgz",
      "integrity": "sha512-fmsZYa9lpn69Ad5eDn7FMcnnSR+8R34W9qJEijxYhTbfOWzr22n1QxCMzXLK+ODyW2973V3Fux959iQoUxzUIA=="
    },
    "ws": {
      "version": "7.5.6",
      "resolved": "https://registry.npmjs.org/ws/-/ws-7.5.6.tgz",
      "integrity": "sha512-6GLgCqo2cy2A2rjCNFlxQS6ZljG/coZfZXclldI8FB/1G3CCI36Zd8xy2HrFVACi8tfk5XrgLQEk+P0Tnz9UcA==",
      "requires": {}
    }
  }
}
